
Microsoft Visual Studio Solution File, Format Version 12.00
# Visual Studio Version 16
VisualStudioVersion = 16.0.30804.86
MinimumVisualStudioVersion = 10.0.40219.1
Project("{FAE04EC0-301F-11D3-BF4B-00C04F79EFBC}") = "ReportService", "ReportService.csproj", "{486FBA60-F3E0-44A4-87CA-881FCEE9162F}"
EndProject
Project("{FAE04EC0-301F-11D3-BF4B-00C04F79EFBC}") = "EmailSender", "..\EmailSender\EmailSender.csproj", "{ABF9CFAE-44DD-439E-80E4-AFBE644FFCA7}"
EndProject
Project("{FAE04EC0-301F-11D3-BF4B-00C04F79EFBC}") = "ReportService.Core", "..\ReportService.Core\ReportService.Core.csproj", "{18337BE7-AC68-4278-934D-C505A8384B7B}"
EndProject
Project("{FAE04EC0-301F-11D3-BF4B-00C04F79EFBC}") = "ReportService.ConsoleApp", "..\ReportService.ConsoleApp\ReportService.ConsoleApp.csproj", "{98A15A83-567F-4A5F-AE68-12F0E0D792CD}"
EndProject
Project("{FAE04EC0-301F-11D3-BF4B-00C04F79EFBC}") = "Cipher", "..\Cipher\Cipher.csproj", "{7346D304-5440-4908-ABD2-3F0D9883E4BE}"
EndProject
Global
	GlobalSection(SolutionConfigurationPlatforms) = preSolution
		Debug|Any CPU = Debug|Any CPU
		Release|Any CPU = Release|Any CPU
	EndGlobalSection
	GlobalSection(ProjectConfigurationPlatforms) = postSolution
		{486FBA60-F3E0-44A4-87CA-881FCEE9162F}.Debug|Any CPU.ActiveCfg = Debug|Any CPU
		{486FBA60-F3E0-44A4-87CA-881FCEE9162F}.Debug|Any CPU.Build.0 = Debug|Any CPU
		{486FBA60-F3E0-44A4-87CA-881FCEE9162F}.Release|Any CPU.ActiveCfg = Release|Any CPU
		{486FBA60-F3E0-44A4-87CA-881FCEE9162F}.Release|Any CPU.Build.0 = Release|Any CPU
		{ABF9CFAE-44DD-439E-80E4-AFBE644FFCA7}.Debug|Any CPU.ActiveCfg = Debug|Any CPU
		{ABF9CFAE-44DD-439E-80E4-AFBE644FFCA7}.Debug|Any CPU.Build.0 = Debug|Any CPU
		{ABF9CFAE-44DD-439E-80E4-AFBE644FFCA7}.Release|Any CPU.ActiveCfg = Release|Any CPU
		{ABF9CFAE-44DD-439E-80E4-AFBE644FFCA7}.Release|Any CPU.Build.0 = Release|Any CPU
		{18337BE7-AC68-4278-934D-C505A8384B7B}.Debug|Any CPU.ActiveCfg = Debug|Any CPU
		{18337BE7-AC68-4278-934D-C505A8384B7B}.Debug|Any CPU.Build.0 = Debug|Any CPU
		{18337BE7-AC68-4278-934D-C505A8384B7B}.Release|Any CPU.ActiveCfg = Release|Any CPU
		{18337BE7-AC68-4278-934D-C505A8384B7B}.Release|Any CPU.Build.0 = Release|Any CPU
		{98A15A83-567F-4A5F-AE68-12F0E0D792CD}.Debug|Any CPU.ActiveCfg = Debug|Any CPU
		{98A15A83-567F-4A5F-AE68-12F0E0D792CD}.Debug|Any CPU.Build.0 = Debug|Any CPU
		{98A15A83-567F-4A5F-AE68-12F0E0D792CD}.Release|Any CPU.ActiveCfg = Release|Any CPU
		{98A15A83-567F-4A5F-AE68-12F0E0D792CD}.Release|Any CPU.Build.0 = Release|Any CPU
		{7346D304-5440-4908-ABD2-3F0D9883E4BE}.Debug|Any CPU.ActiveCfg = Debug|Any CPU
		{7346D304-5440-4908-ABD2-3F0D9883E4BE}.Debug|Any CPU.Build.0 = Debug|Any CPU
		{7346D304-5440-4908-ABD2-3F0D9883E4BE}.Release|Any CPU.ActiveCfg = Release|Any CPU
		{7346D304-5440-4908-ABD2-3F0D9883E4BE}.Release|Any CPU.Build.0 = Release|Any CPU
	EndGlobalSection
	GlobalSection(SolutionProperties) = preSolution
		HideSolutionNode = FALSE
	EndGlobalSection
	GlobalSection(ExtensibilityGlobals) = postSolution
		SolutionGuid = {35427956-778A-476A-9D61-14F4FE76F76E}
	EndGlobalSection
EndGlobal
